// !$*UTF8*$!
{
	archiveVersion = 1;
	classes = {
	};
	objectVersion = 56;
	objects = {

/* Begin PBXBuildFile section */
		3E86EC772D8BA0EF00DCA633 /* Fetch_TakeHomeApp.swift in Sources */ = {isa = PBXBuildFile; fileRef = 3E86EC762D8BA0EF00DCA633 /* Fetch_TakeHomeApp.swift */; };
		3E86EC792D8BA0EF00DCA633 /* ContentView.swift in Sources */ = {isa = PBXBuildFile; fileRef = 3E86EC782D8BA0EF00DCA633 /* ContentView.swift */; };
		3E86EC7B2D8BA0F100DCA633 /* Assets.xcassets in Resources */ = {isa = PBXBuildFile; fileRef = 3E86EC7A2D8BA0F100DCA633 /* Assets.xcassets */; };
		3E86EC7E2D8BA0F100DCA633 /* Preview Assets.xcassets in Resources */ = {isa = PBXBuildFile; fileRef = 3E86EC7D2D8BA0F100DCA633 /* Preview Assets.xcassets */; };
		3E86EC922D8BA0F100DCA633 /* Fetch_TakeHomeUITests.swift in Sources */ = {isa = PBXBuildFile; fileRef = 3E86EC912D8BA0F100DCA633 /* Fetch_TakeHomeUITests.swift */; };
		3E86EC942D8BA0F100DCA633 /* Fetch_TakeHomeUITestsLaunchTests.swift in Sources */ = {isa = PBXBuildFile; fileRef = 3E86EC932D8BA0F100DCA633 /* Fetch_TakeHomeUITestsLaunchTests.swift */; };
		3E86ECA12D8BA11A00DCA633 /* Recipe.swift in Sources */ = {isa = PBXBuildFile; fileRef = 3E86ECA02D8BA11A00DCA633 /* Recipe.swift */; };
		3E86ECA32D8BA28A00DCA633 /* RecipesViewModel.swift in Sources */ = {isa = PBXBuildFile; fileRef = 3E86ECA22D8BA28A00DCA633 /* RecipesViewModel.swift */; };
		3E86ECA52D8BAD2600DCA633 /* RecipesView.swift in Sources */ = {isa = PBXBuildFile; fileRef = 3E86ECA42D8BAD2600DCA633 /* RecipesView.swift */; };
		3E86ECA72D8BB2A600DCA633 /* RecipeViewModelTests.swift in Sources */ = {isa = PBXBuildFile; fileRef = 3E86ECA62D8BB2A600DCA633 /* RecipeViewModelTests.swift */; };
		3E86ECA92D8BB46600DCA633 /* Config.swift in Sources */ = {isa = PBXBuildFile; fileRef = 3E86ECA82D8BB46600DCA633 /* Config.swift */; };
		3E86ECAB2D8BC9BD00DCA633 /* Network.swift in Sources */ = {isa = PBXBuildFile; fileRef = 3E86ECAA2D8BC9BD00DCA633 /* Network.swift */; };
		3E86ECAF2D8BE6E200DCA633 /* RecipeListItemView.swift in Sources */ = {isa = PBXBuildFile; fileRef = 3E86ECAE2D8BE6E200DCA633 /* RecipeListItemView.swift */; };
		3E86ECB32D8BEA6300DCA633 /* ImageCache.swift in Sources */ = {isa = PBXBuildFile; fileRef = 3E86ECB22D8BEA6300DCA633 /* ImageCache.swift */; };
		3E86ECB82D8C431800DCA633 /* RecipeListItemViewModel.swift in Sources */ = {isa = PBXBuildFile; fileRef = 3E86ECB72D8C431800DCA633 /* RecipeListItemViewModel.swift */; };
		3E86ECBA2D8C626B00DCA633 /* Launch Screen.storyboard in Resources */ = {isa = PBXBuildFile; fileRef = 3E86ECB92D8C626B00DCA633 /* Launch Screen.storyboard */; };
		3E86ECBD2D8C643E00DCA633 /* RecipeListItemViewModelTest.swift in Sources */ = {isa = PBXBuildFile; fileRef = 3E86ECBC2D8C643E00DCA633 /* RecipeListItemViewModelTest.swift */; };
		3E86ECBF2D8C704700DCA633 /* NetworkTests.swift in Sources */ = {isa = PBXBuildFile; fileRef = 3E86ECBE2D8C704700DCA633 /* NetworkTests.swift */; };
		3E86ECC32D8C71C700DCA633 /* TestHelpers.swift in Sources */ = {isa = PBXBuildFile; fileRef = 3E86ECC22D8C71C700DCA633 /* TestHelpers.swift */; };
/* End PBXBuildFile section */

/* Begin PBXContainerItemProxy section */
		3E86EC842D8BA0F100DCA633 /* PBXContainerItemProxy */ = {
			isa = PBXContainerItemProxy;
			containerPortal = 3E86EC6B2D8BA0EF00DCA633 /* Project object */;
			proxyType = 1;
			remoteGlobalIDString = 3E86EC722D8BA0EF00DCA633;
			remoteInfo = Fetch.TakeHome;
		};
		3E86EC8E2D8BA0F100DCA633 /* PBXContainerItemProxy */ = {
			isa = PBXContainerItemProxy;
			containerPortal = 3E86EC6B2D8BA0EF00DCA633 /* Project object */;
			proxyType = 1;
			remoteGlobalIDString = 3E86EC722D8BA0EF00DCA633;
			remoteInfo = Fetch.TakeHome;
		};
/* End PBXContainerItemProxy section */

/* Begin PBXFileReference section */
		3E86EC732D8BA0EF00DCA633 /* Fetch.TakeHome.app */ = {isa = PBXFileReference; explicitFileType = wrapper.application; includeInIndex = 0; path = Fetch.TakeHome.app; sourceTree = BUILT_PRODUCTS_DIR; };
		3E86EC762D8BA0EF00DCA633 /* Fetch_TakeHomeApp.swift */ = {isa = PBXFileReference; lastKnownFileType = sourcecode.swift; path = Fetch_TakeHomeApp.swift; sourceTree = "<group>"; };
		3E86EC782D8BA0EF00DCA633 /* ContentView.swift */ = {isa = PBXFileReference; lastKnownFileType = sourcecode.swift; path = ContentView.swift; sourceTree = "<group>"; };
		3E86EC7A2D8BA0F100DCA633 /* Assets.xcassets */ = {isa = PBXFileReference; lastKnownFileType = folder.assetcatalog; path = Assets.xcassets; sourceTree = "<group>"; };
		3E86EC7D2D8BA0F100DCA633 /* Preview Assets.xcassets */ = {isa = PBXFileReference; lastKnownFileType = folder.assetcatalog; path = "Preview Assets.xcassets"; sourceTree = "<group>"; };
		3E86EC832D8BA0F100DCA633 /* Fetch.TakeHomeTests.xctest */ = {isa = PBXFileReference; explicitFileType = wrapper.cfbundle; includeInIndex = 0; path = Fetch.TakeHomeTests.xctest; sourceTree = BUILT_PRODUCTS_DIR; };
		3E86EC8D2D8BA0F100DCA633 /* Fetch.TakeHomeUITests.xctest */ = {isa = PBXFileReference; explicitFileType = wrapper.cfbundle; includeInIndex = 0; path = Fetch.TakeHomeUITests.xctest; sourceTree = BUILT_PRODUCTS_DIR; };
		3E86EC912D8BA0F100DCA633 /* Fetch_TakeHomeUITests.swift */ = {isa = PBXFileReference; lastKnownFileType = sourcecode.swift; path = Fetch_TakeHomeUITests.swift; sourceTree = "<group>"; };
		3E86EC932D8BA0F100DCA633 /* Fetch_TakeHomeUITestsLaunchTests.swift */ = {isa = PBXFileReference; lastKnownFileType = sourcecode.swift; path = Fetch_TakeHomeUITestsLaunchTests.swift; sourceTree = "<group>"; };
		3E86ECA02D8BA11A00DCA633 /* Recipe.swift */ = {isa = PBXFileReference; lastKnownFileType = sourcecode.swift; path = Recipe.swift; sourceTree = "<group>"; };
		3E86ECA22D8BA28A00DCA633 /* RecipesViewModel.swift */ = {isa = PBXFileReference; lastKnownFileType = sourcecode.swift; path = RecipesViewModel.swift; sourceTree = "<group>"; };
		3E86ECA42D8BAD2600DCA633 /* RecipesView.swift */ = {isa = PBXFileReference; lastKnownFileType = sourcecode.swift; path = RecipesView.swift; sourceTree = "<group>"; };
		3E86ECA62D8BB2A600DCA633 /* RecipeViewModelTests.swift */ = {isa = PBXFileReference; lastKnownFileType = sourcecode.swift; path = RecipeViewModelTests.swift; sourceTree = "<group>"; };
		3E86ECA82D8BB46600DCA633 /* Config.swift */ = {isa = PBXFileReference; lastKnownFileType = sourcecode.swift; path = Config.swift; sourceTree = "<group>"; };
		3E86ECAA2D8BC9BD00DCA633 /* Network.swift */ = {isa = PBXFileReference; lastKnownFileType = sourcecode.swift; path = Network.swift; sourceTree = "<group>"; };
		3E86ECAE2D8BE6E200DCA633 /* RecipeListItemView.swift */ = {isa = PBXFileReference; lastKnownFileType = sourcecode.swift; path = RecipeListItemView.swift; sourceTree = "<group>"; };
		3E86ECB22D8BEA6300DCA633 /* ImageCache.swift */ = {isa = PBXFileReference; lastKnownFileType = sourcecode.swift; path = ImageCache.swift; sourceTree = "<group>"; };
		3E86ECB72D8C431800DCA633 /* RecipeListItemViewModel.swift */ = {isa = PBXFileReference; lastKnownFileType = sourcecode.swift; path = RecipeListItemViewModel.swift; sourceTree = "<group>"; };
		3E86ECB92D8C626B00DCA633 /* Launch Screen.storyboard */ = {isa = PBXFileReference; lastKnownFileType = file.storyboard; path = "Launch Screen.storyboard"; sourceTree = "<group>"; };
		3E86ECBC2D8C643E00DCA633 /* RecipeListItemViewModelTest.swift */ = {isa = PBXFileReference; lastKnownFileType = sourcecode.swift; path = RecipeListItemViewModelTest.swift; sourceTree = "<group>"; };
		3E86ECBE2D8C704700DCA633 /* NetworkTests.swift */ = {isa = PBXFileReference; lastKnownFileType = sourcecode.swift; path = NetworkTests.swift; sourceTree = "<group>"; };
		3E86ECC22D8C71C700DCA633 /* TestHelpers.swift */ = {isa = PBXFileReference; lastKnownFileType = sourcecode.swift; path = TestHelpers.swift; sourceTree = "<group>"; };
/* End PBXFileReference section */

/* Begin PBXFrameworksBuildPhase section */
		3E86EC702D8BA0EF00DCA633 /* Frameworks */ = {
			isa = PBXFrameworksBuildPhase;
			buildActionMask = 2147483647;
			files = (
			);
			runOnlyForDeploymentPostprocessing = 0;
		};
		3E86EC802D8BA0F100DCA633 /* Frameworks */ = {
			isa = PBXFrameworksBuildPhase;
			buildActionMask = 2147483647;
			files = (
			);
			runOnlyForDeploymentPostprocessing = 0;
		};
		3E86EC8A2D8BA0F100DCA633 /* Frameworks */ = {
			isa = PBXFrameworksBuildPhase;
			buildActionMask = 2147483647;
			files = (
			);
			runOnlyForDeploymentPostprocessing = 0;
		};
/* End PBXFrameworksBuildPhase section */

/* Begin PBXGroup section */
		3E86EC6A2D8BA0EF00DCA633 = {
			isa = PBXGroup;
			children = (
				3E86ECB92D8C626B00DCA633 /* Launch Screen.storyboard */,
				3E86EC752D8BA0EF00DCA633 /* Fetch.TakeHome */,
				3E86EC862D8BA0F100DCA633 /* Fetch.TakeHomeTests */,
				3E86EC902D8BA0F100DCA633 /* Fetch.TakeHomeUITests */,
				3E86EC742D8BA0EF00DCA633 /* Products */,
			);
			sourceTree = "<group>";
		};
		3E86EC742D8BA0EF00DCA633 /* Products */ = {
			isa = PBXGroup;
			children = (
				3E86EC732D8BA0EF00DCA633 /* Fetch.TakeHome.app */,
				3E86EC832D8BA0F100DCA633 /* Fetch.TakeHomeTests.xctest */,
				3E86EC8D2D8BA0F100DCA633 /* Fetch.TakeHomeUITests.xctest */,
			);
			name = Products;
			sourceTree = "<group>";
		};
		3E86EC752D8BA0EF00DCA633 /* Fetch.TakeHome */ = {
			isa = PBXGroup;
			children = (
				3E86EC762D8BA0EF00DCA633 /* Fetch_TakeHomeApp.swift */,
				3E86EC782D8BA0EF00DCA633 /* ContentView.swift */,
				3E86EC7A2D8BA0F100DCA633 /* Assets.xcassets */,
				3E86EC7C2D8BA0F100DCA633 /* Preview Content */,
				3E86ECB42D8C42D700DCA633 /* Data Models */,
				3E86ECB62D8C42F100DCA633 /* View Models */,
				3E86ECB52D8C42EA00DCA633 /* Views */,
				3E86ECBB2D8C63C400DCA633 /* Utility */,
			);
			path = Fetch.TakeHome;
			sourceTree = "<group>";
		};
		3E86EC7C2D8BA0F100DCA633 /* Preview Content */ = {
			isa = PBXGroup;
			children = (
				3E86EC7D2D8BA0F100DCA633 /* Preview Assets.xcassets */,
			);
			path = "Preview Content";
			sourceTree = "<group>";
		};
		3E86EC862D8BA0F100DCA633 /* Fetch.TakeHomeTests */ = {
			isa = PBXGroup;
			children = (
				3E86ECA62D8BB2A600DCA633 /* RecipeViewModelTests.swift */,
				3E86ECBC2D8C643E00DCA633 /* RecipeListItemViewModelTest.swift */,
				3E86ECBE2D8C704700DCA633 /* NetworkTests.swift */,
				3E86ECC22D8C71C700DCA633 /* TestHelpers.swift */,
			);
			path = Fetch.TakeHomeTests;
			sourceTree = "<group>";
		};
		3E86EC902D8BA0F100DCA633 /* Fetch.TakeHomeUITests */ = {
			isa = PBXGroup;
			children = (
				3E86EC912D8BA0F100DCA633 /* Fetch_TakeHomeUITests.swift */,
				3E86EC932D8BA0F100DCA633 /* Fetch_TakeHomeUITestsLaunchTests.swift */,
			);
			path = Fetch.TakeHomeUITests;
			sourceTree = "<group>";
		};
		3E86ECB42D8C42D700DCA633 /* Data Models */ = {
			isa = PBXGroup;
			children = (
				3E86ECA02D8BA11A00DCA633 /* Recipe.swift */,
			);
			path = "Data Models";
			sourceTree = "<group>";
		};
		3E86ECB52D8C42EA00DCA633 /* Views */ = {
			isa = PBXGroup;
			children = (
				3E86ECA42D8BAD2600DCA633 /* RecipesView.swift */,
				3E86ECAE2D8BE6E200DCA633 /* RecipeListItemView.swift */,
			);
			path = Views;
			sourceTree = "<group>";
		};
		3E86ECB62D8C42F100DCA633 /* View Models */ = {
			isa = PBXGroup;
			children = (
				3E86ECA22D8BA28A00DCA633 /* RecipesViewModel.swift */,
				3E86ECB72D8C431800DCA633 /* RecipeListItemViewModel.swift */,
			);
			path = "View Models";
			sourceTree = "<group>";
		};
		3E86ECBB2D8C63C400DCA633 /* Utility */ = {
			isa = PBXGroup;
			children = (
				3E86ECA82D8BB46600DCA633 /* Config.swift */,
				3E86ECAA2D8BC9BD00DCA633 /* Network.swift */,
				3E86ECB22D8BEA6300DCA633 /* ImageCache.swift */,
			);
			path = Utility;
			sourceTree = "<group>";
		};
/* End PBXGroup section */

/* Begin PBXNativeTarget section */
		3E86EC722D8BA0EF00DCA633 /* Fetch.TakeHome */ = {
			isa = PBXNativeTarget;
			buildConfigurationList = 3E86EC972D8BA0F100DCA633 /* Build configuration list for PBXNativeTarget "Fetch.TakeHome" */;
			buildPhases = (
				3E86EC6F2D8BA0EF00DCA633 /* Sources */,
				3E86EC702D8BA0EF00DCA633 /* Frameworks */,
				3E86EC712D8BA0EF00DCA633 /* Resources */,
			);
			buildRules = (
			);
			dependencies = (
			);
			name = Fetch.TakeHome;
			productName = Fetch.TakeHome;
			productReference = 3E86EC732D8BA0EF00DCA633 /* Fetch.TakeHome.app */;
			productType = "com.apple.product-type.application";
		};
		3E86EC822D8BA0F100DCA633 /* Fetch.TakeHomeTests */ = {
			isa = PBXNativeTarget;
			buildConfigurationList = 3E86EC9A2D8BA0F100DCA633 /* Build configuration list for PBXNativeTarget "Fetch.TakeHomeTests" */;
			buildPhases = (
				3E86EC7F2D8BA0F100DCA633 /* Sources */,
				3E86EC802D8BA0F100DCA633 /* Frameworks */,
				3E86EC812D8BA0F100DCA633 /* Resources */,
			);
			buildRules = (
			);
			dependencies = (
				3E86EC852D8BA0F100DCA633 /* PBXTargetDependency */,
			);
			name = Fetch.TakeHomeTests;
			productName = Fetch.TakeHomeTests;
			productReference = 3E86EC832D8BA0F100DCA633 /* Fetch.TakeHomeTests.xctest */;
			productType = "com.apple.product-type.bundle.unit-test";
		};
		3E86EC8C2D8BA0F100DCA633 /* Fetch.TakeHomeUITests */ = {
			isa = PBXNativeTarget;
			buildConfigurationList = 3E86EC9D2D8BA0F100DCA633 /* Build configuration list for PBXNativeTarget "Fetch.TakeHomeUITests" */;
			buildPhases = (
				3E86EC892D8BA0F100DCA633 /* Sources */,
				3E86EC8A2D8BA0F100DCA633 /* Frameworks */,
				3E86EC8B2D8BA0F100DCA633 /* Resources */,
			);
			buildRules = (
			);
			dependencies = (
				3E86EC8F2D8BA0F100DCA633 /* PBXTargetDependency */,
			);
			name = Fetch.TakeHomeUITests;
			productName = Fetch.TakeHomeUITests;
			productReference = 3E86EC8D2D8BA0F100DCA633 /* Fetch.TakeHomeUITests.xctest */;
			productType = "com.apple.product-type.bundle.ui-testing";
		};
/* End PBXNativeTarget section */

/* Begin PBXProject section */
		3E86EC6B2D8BA0EF00DCA633 /* Project object */ = {
			isa = PBXProject;
			attributes = {
				BuildIndependentTargetsInParallel = 1;
				LastSwiftUpdateCheck = 1500;
				LastUpgradeCheck = 1500;
				TargetAttributes = {
					3E86EC722D8BA0EF00DCA633 = {
						CreatedOnToolsVersion = 15.0;
					};
					3E86EC822D8BA0F100DCA633 = {
						CreatedOnToolsVersion = 15.0;
						TestTargetID = 3E86EC722D8BA0EF00DCA633;
					};
					3E86EC8C2D8BA0F100DCA633 = {
						CreatedOnToolsVersion = 15.0;
						TestTargetID = 3E86EC722D8BA0EF00DCA633;
					};
				};
			};
			buildConfigurationList = 3E86EC6E2D8BA0EF00DCA633 /* Build configuration list for PBXProject "Fetch.TakeHome" */;
			compatibilityVersion = "Xcode 14.0";
			developmentRegion = en;
			hasScannedForEncodings = 0;
			knownRegions = (
				en,
				Base,
			);
			mainGroup = 3E86EC6A2D8BA0EF00DCA633;
			productRefGroup = 3E86EC742D8BA0EF00DCA633 /* Products */;
			projectDirPath = "";
			projectRoot = "";
			targets = (
				3E86EC722D8BA0EF00DCA633 /* Fetch.TakeHome */,
				3E86EC822D8BA0F100DCA633 /* Fetch.TakeHomeTests */,
				3E86EC8C2D8BA0F100DCA633 /* Fetch.TakeHomeUITests */,
			);
		};
/* End PBXProject section */

/* Begin PBXResourcesBuildPhase section */
		3E86EC712D8BA0EF00DCA633 /* Resources */ = {
			isa = PBXResourcesBuildPhase;
			buildActionMask = 2147483647;
			files = (
				3E86EC7E2D8BA0F100DCA633 /* Preview Assets.xcassets in Resources */,
				3E86ECBA2D8C626B00DCA633 /* Launch Screen.storyboard in Resources */,
				3E86EC7B2D8BA0F100DCA633 /* Assets.xcassets in Resources */,
			);
			runOnlyForDeploymentPostprocessing = 0;
		};
		3E86EC812D8BA0F100DCA633 /* Resources */ = {
			isa = PBXResourcesBuildPhase;
			buildActionMask = 2147483647;
			files = (
			);
			runOnlyForDeploymentPostprocessing = 0;
		};
		3E86EC8B2D8BA0F100DCA633 /* Resources */ = {
			isa = PBXResourcesBuildPhase;
			buildActionMask = 2147483647;
			files = (
			);
			runOnlyForDeploymentPostprocessing = 0;
		};
/* End PBXResourcesBuildPhase section */

/* Begin PBXSourcesBuildPhase section */
		3E86EC6F2D8BA0EF00DCA633 /* Sources */ = {
			isa = PBXSourcesBuildPhase;
			buildActionMask = 2147483647;
			files = (
				3E86ECA32D8BA28A00DCA633 /* RecipesViewModel.swift in Sources */,
				3E86ECAF2D8BE6E200DCA633 /* RecipeListItemView.swift in Sources */,
				3E86ECA12D8BA11A00DCA633 /* Recipe.swift in Sources */,
				3E86ECB32D8BEA6300DCA633 /* ImageCache.swift in Sources */,
				3E86ECA52D8BAD2600DCA633 /* RecipesView.swift in Sources */,
				3E86EC792D8BA0EF00DCA633 /* ContentView.swift in Sources */,
				3E86EC772D8BA0EF00DCA633 /* Fetch_TakeHomeApp.swift in Sources */,
				3E86ECB82D8C431800DCA633 /* RecipeListItemViewModel.swift in Sources */,
				3E86ECAB2D8BC9BD00DCA633 /* Network.swift in Sources */,
				3E86ECA92D8BB46600DCA633 /* Config.swift in Sources */,
			);
			runOnlyForDeploymentPostprocessing = 0;
		};
		3E86EC7F2D8BA0F100DCA633 /* Sources */ = {
			isa = PBXSourcesBuildPhase;
			buildActionMask = 2147483647;
			files = (
				3E86ECBF2D8C704700DCA633 /* NetworkTests.swift in Sources */,
				3E86ECC32D8C71C700DCA633 /* TestHelpers.swift in Sources */,
				3E86ECA72D8BB2A600DCA633 /* RecipeViewModelTests.swift in Sources */,
				3E86ECBD2D8C643E00DCA633 /* RecipeListItemViewModelTest.swift in Sources */,
			);
			runOnlyForDeploymentPostprocessing = 0;
		};
		3E86EC892D8BA0F100DCA633 /* Sources */ = {
			isa = PBXSourcesBuildPhase;
			buildActionMask = 2147483647;
			files = (
				3E86EC922D8BA0F100DCA633 /* Fetch_TakeHomeUITests.swift in Sources */,
				3E86EC942D8BA0F100DCA633 /* Fetch_TakeHomeUITestsLaunchTests.swift in Sources */,
			);
			runOnlyForDeploymentPostprocessing = 0;
		};
/* End PBXSourcesBuildPhase section */

/* Begin PBXTargetDependency section */
		3E86EC852D8BA0F100DCA633 /* PBXTargetDependency */ = {
			isa = PBXTargetDependency;
			target = 3E86EC722D8BA0EF00DCA633 /* Fetch.TakeHome */;
			targetProxy = 3E86EC842D8BA0F100DCA633 /* PBXContainerItemProxy */;
		};
		3E86EC8F2D8BA0F100DCA633 /* PBXTargetDependency */ = {
			isa = PBXTargetDependency;
			target = 3E86EC722D8BA0EF00DCA633 /* Fetch.TakeHome */;
			targetProxy = 3E86EC8E2D8BA0F100DCA633 /* PBXContainerItemProxy */;
		};
/* End PBXTargetDependency section */

/* Begin XCBuildConfiguration section */
		3E86EC952D8BA0F100DCA633 /* Debug */ = {
			isa = XCBuildConfiguration;
			buildSettings = {
				ALWAYS_SEARCH_USER_PATHS = NO;
				ASSETCATALOG_COMPILER_GENERATE_SWIFT_ASSET_SYMBOL_EXTENSIONS = YES;
				CLANG_ANALYZER_NONNULL = YES;
				CLANG_ANALYZER_NUMBER_OBJECT_CONVERSION = YES_AGGRESSIVE;
				CLANG_CXX_LANGUAGE_STANDARD = "gnu++20";
				CLANG_ENABLE_MODULES = YES;
				CLANG_ENABLE_OBJC_ARC = YES;
				CLANG_ENABLE_OBJC_WEAK = YES;
				CLANG_WARN_BLOCK_CAPTURE_AUTORELEASING = YES;
				CLANG_WARN_BOOL_CONVERSION = YES;
				CLANG_WARN_COMMA = YES;
				CLANG_WARN_CONSTANT_CONVERSION = YES;
				CLANG_WARN_DEPRECATED_OBJC_IMPLEMENTATIONS = YES;
				CLANG_WARN_DIRECT_OBJC_ISA_USAGE = YES_ERROR;
				CLANG_WARN_DOCUMENTATION_COMMENTS = YES;
				CLANG_WARN_EMPTY_BODY = YES;
				CLANG_WARN_ENUM_CONVERSION = YES;
				CLANG_WARN_INFINITE_RECURSION = YES;
				CLANG_WARN_INT_CONVERSION = YES;
				CLANG_WARN_NON_LITERAL_NULL_CONVERSION = YES;
				CLANG_WARN_OBJC_IMPLICIT_RETAIN_SELF = YES;
				CLANG_WARN_OBJC_LITERAL_CONVERSION = YES;
				CLANG_WARN_OBJC_ROOT_CLASS = YES_ERROR;
				CLANG_WARN_QUOTED_INCLUDE_IN_FRAMEWORK_HEADER = YES;
				CLANG_WARN_RANGE_LOOP_ANALYSIS = YES;
				CLANG_WARN_STRICT_PROTOTYPES = YES;
				CLANG_WARN_SUSPICIOUS_MOVE = YES;
				CLANG_WARN_UNGUARDED_AVAILABILITY = YES_AGGRESSIVE;
				CLANG_WARN_UNREACHABLE_CODE = YES;
				CLANG_WARN__DUPLICATE_METHOD_MATCH = YES;
				COPY_PHASE_STRIP = NO;
				DEBUG_INFORMATION_FORMAT = dwarf;
				ENABLE_STRICT_OBJC_MSGSEND = YES;
				ENABLE_TESTABILITY = YES;
				ENABLE_USER_SCRIPT_SANDBOXING = YES;
				GCC_C_LANGUAGE_STANDARD = gnu17;
				GCC_DYNAMIC_NO_PIC = NO;
				GCC_NO_COMMON_BLOCKS = YES;
				GCC_OPTIMIZATION_LEVEL = 0;
				GCC_PREPROCESSOR_DEFINITIONS = (
					"DEBUG=1",
					"$(inherited)",
				);
				GCC_WARN_64_TO_32_BIT_CONVERSION = YES;
				GCC_WARN_ABOUT_RETURN_TYPE = YES_ERROR;
				GCC_WARN_UNDECLARED_SELECTOR = YES;
				GCC_WARN_UNINITIALIZED_AUTOS = YES_AGGRESSIVE;
				GCC_WARN_UNUSED_FUNCTION = YES;
				GCC_WARN_UNUSED_VARIABLE = YES;
				IPHONEOS_DEPLOYMENT_TARGET = 17.0;
				LOCALIZATION_PREFERS_STRING_CATALOGS = YES;
				MTL_ENABLE_DEBUG_INFO = INCLUDE_SOURCE;
				MTL_FAST_MATH = YES;
				ONLY_ACTIVE_ARCH = YES;
				SDKROOT = iphoneos;
				SWIFT_ACTIVE_COMPILATION_CONDITIONS = "DEBUG $(inherited)";
				SWIFT_OPTIMIZATION_LEVEL = "-Onone";
			};
			name = Debug;
		};
		3E86EC962D8BA0F100DCA633 /* Release */ = {
			isa = XCBuildConfiguration;
			buildSettings = {
				ALWAYS_SEARCH_USER_PATHS = NO;
				ASSETCATALOG_COMPILER_GENERATE_SWIFT_ASSET_SYMBOL_EXTENSIONS = YES;
				CLANG_ANALYZER_NONNULL = YES;
				CLANG_ANALYZER_NUMBER_OBJECT_CONVERSION = YES_AGGRESSIVE;
				CLANG_CXX_LANGUAGE_STANDARD = "gnu++20";
				CLANG_ENABLE_MODULES = YES;
				CLANG_ENABLE_OBJC_ARC = YES;
				CLANG_ENABLE_OBJC_WEAK = YES;
				CLANG_WARN_BLOCK_CAPTURE_AUTORELEASING = YES;
				CLANG_WARN_BOOL_CONVERSION = YES;
				CLANG_WARN_COMMA = YES;
				CLANG_WARN_CONSTANT_CONVERSION = YES;
				CLANG_WARN_DEPRECATED_OBJC_IMPLEMENTATIONS = YES;
				CLANG_WARN_DIRECT_OBJC_ISA_USAGE = YES_ERROR;
				CLANG_WARN_DOCUMENTATION_COMMENTS = YES;
				CLANG_WARN_EMPTY_BODY = YES;
				CLANG_WARN_ENUM_CONVERSION = YES;
				CLANG_WARN_INFINITE_RECURSION = YES;
				CLANG_WARN_INT_CONVERSION = YES;
				CLANG_WARN_NON_LITERAL_NULL_CONVERSION = YES;
				CLANG_WARN_OBJC_IMPLICIT_RETAIN_SELF = YES;
				CLANG_WARN_OBJC_LITERAL_CONVERSION = YES;
				CLANG_WARN_OBJC_ROOT_CLASS = YES_ERROR;
				CLANG_WARN_QUOTED_INCLUDE_IN_FRAMEWORK_HEADER = YES;
				CLANG_WARN_RANGE_LOOP_ANALYSIS = YES;
				CLANG_WARN_STRICT_PROTOTYPES = YES;
				CLANG_WARN_SUSPICIOUS_MOVE = YES;
				CLANG_WARN_UNGUARDED_AVAILABILITY = YES_AGGRESSIVE;
				CLANG_WARN_UNREACHABLE_CODE = YES;
				CLANG_WARN__DUPLICATE_METHOD_MATCH = YES;
				COPY_PHASE_STRIP = NO;
				DEBUG_INFORMATION_FORMAT = "dwarf-with-dsym";
				ENABLE_NS_ASSERTIONS = NO;
				ENABLE_STRICT_OBJC_MSGSEND = YES;
				ENABLE_USER_SCRIPT_SANDBOXING = YES;
				GCC_C_LANGUAGE_STANDARD = gnu17;
				GCC_NO_COMMON_BLOCKS = YES;
				GCC_WARN_64_TO_32_BIT_CONVERSION = YES;
				GCC_WARN_ABOUT_RETURN_TYPE = YES_ERROR;
				GCC_WARN_UNDECLARED_SELECTOR = YES;
				GCC_WARN_UNINITIALIZED_AUTOS = YES_AGGRESSIVE;
				GCC_WARN_UNUSED_FUNCTION = YES;
				GCC_WARN_UNUSED_VARIABLE = YES;
				IPHONEOS_DEPLOYMENT_TARGET = 17.0;
				LOCALIZATION_PREFERS_STRING_CATALOGS = YES;
				MTL_ENABLE_DEBUG_INFO = NO;
				MTL_FAST_MATH = YES;
				SDKROOT = iphoneos;
				SWIFT_COMPILATION_MODE = wholemodule;
				VALIDATE_PRODUCT = YES;
			};
			name = Release;
		};
		3E86EC982D8BA0F100DCA633 /* Debug */ = {
			isa = XCBuildConfiguration;
			buildSettings = {
				ASSETCATALOG_COMPILER_APPICON_NAME = AppIcon;
				ASSETCATALOG_COMPILER_GLOBAL_ACCENT_COLOR_NAME = AccentColor;
				CODE_SIGN_STYLE = Automatic;
				CURRENT_PROJECT_VERSION = 1;
				DEVELOPMENT_ASSET_PATHS = "\"Fetch.TakeHome/Preview Content\"";
				DEVELOPMENT_TEAM = Z2JH9FX775;
				ENABLE_PREVIEWS = YES;
				GENERATE_INFOPLIST_FILE = YES;
				INFOPLIST_KEY_UIApplicationSceneManifest_Generation = YES;
				INFOPLIST_KEY_UIApplicationSupportsIndirectInputEvents = YES;
				INFOPLIST_KEY_UILaunchScreen_Generation = YES;
				INFOPLIST_KEY_UILaunchStoryboardName = "Launch Screen.storyboard";
				INFOPLIST_KEY_UISupportedInterfaceOrientations_iPad = "UIInterfaceOrientationPortrait UIInterfaceOrientationPortraitUpsideDown UIInterfaceOrientationLandscapeLeft UIInterfaceOrientationLandscapeRight";
				INFOPLIST_KEY_UISupportedInterfaceOrientations_iPhone = "UIInterfaceOrientationPortrait UIInterfaceOrientationLandscapeLeft UIInterfaceOrientationLandscapeRight";
				LD_RUNPATH_SEARCH_PATHS = (
					"$(inherited)",
					"@executable_path/Frameworks",
				);
				MARKETING_VERSION = 1.0;
				PRODUCT_BUNDLE_IDENTIFIER = "Fetch.TakeHome.Fetch-TakeHome";
				PRODUCT_NAME = "$(TARGET_NAME)";
				SWIFT_EMIT_LOC_STRINGS = YES;
				SWIFT_VERSION = 5.0;
				TARGETED_DEVICE_FAMILY = "1,2";
			};
			name = Debug;
		};
		3E86EC992D8BA0F100DCA633 /* Release */ = {
			isa = XCBuildConfiguration;
			buildSettings = {
				ASSETCATALOG_COMPILER_APPICON_NAME = AppIcon;
				ASSETCATALOG_COMPILER_GLOBAL_ACCENT_COLOR_NAME = AccentColor;
				CODE_SIGN_STYLE = Automatic;
				CURRENT_PROJECT_VERSION = 1;
				DEVELOPMENT_ASSET_PATHS = "\"Fetch.TakeHome/Preview Content\"";
				DEVELOPMENT_TEAM = Z2JH9FX775;
				ENABLE_PREVIEWS = YES;
				GENERATE_INFOPLIST_FILE = YES;
				INFOPLIST_KEY_UIApplicationSceneManifest_Generation = YES;
				INFOPLIST_KEY_UIApplicationSupportsIndirectInputEvents = YES;
				INFOPLIST_KEY_UILaunchScreen_Generation = YES;
				INFOPLIST_KEY_UILaunchStoryboardName = "Launch Screen.storyboard";
				INFOPLIST_KEY_UISupportedInterfaceOrientations_iPad = "UIInterfaceOrientationPortrait UIInterfaceOrientationPortraitUpsideDown UIInterfaceOrientationLandscapeLeft UIInterfaceOrientationLandscapeRight";
				INFOPLIST_KEY_UISupportedInterfaceOrientations_iPhone = "UIInterfaceOrientationPortrait UIInterfaceOrientationLandscapeLeft UIInterfaceOrientationLandscapeRight";
				LD_RUNPATH_SEARCH_PATHS = (
					"$(inherited)",
					"@executable_path/Frameworks",
				);
				MARKETING_VERSION = 1.0;
				PRODUCT_BUNDLE_IDENTIFIER = "Fetch.TakeHome.Fetch-TakeHome";
				PRODUCT_NAME = "$(TARGET_NAME)";
				SWIFT_EMIT_LOC_STRINGS = YES;
				SWIFT_VERSION = 5.0;
				TARGETED_DEVICE_FAMILY = "1,2";
			};
			name = Release;
		};
		3E86EC9B2D8BA0F100DCA633 /* Debug */ = {
			isa = XCBuildConfiguration;
			buildSettings = {
				ALWAYS_EMBED_SWIFT_STANDARD_LIBRARIES = YES;
				BUNDLE_LOADER = "$(TEST_HOST)";
				CODE_SIGN_STYLE = Automatic;
				CURRENT_PROJECT_VERSION = 1;
				DEVELOPMENT_TEAM = Z2JH9FX775;
				GENERATE_INFOPLIST_FILE = YES;
				IPHONEOS_DEPLOYMENT_TARGET = 17.0;
				MARKETING_VERSION = 1.0;
				PRODUCT_BUNDLE_IDENTIFIER = "Fetch.TakeHome.Fetch-TakeHomeTests";
				PRODUCT_NAME = "$(TARGET_NAME)";
				SWIFT_EMIT_LOC_STRINGS = NO;
				SWIFT_VERSION = 5.0;
				TARGETED_DEVICE_FAMILY = "1,2";
				TEST_HOST = "$(BUILT_PRODUCTS_DIR)/Fetch.TakeHome.app/$(BUNDLE_EXECUTABLE_FOLDER_PATH)/Fetch.TakeHome";
			};
			name = Debug;
		};
		3E86EC9C2D8BA0F100DCA633 /* Release */ = {
			isa = XCBuildConfiguration;
			buildSettings = {
				ALWAYS_EMBED_SWIFT_STANDARD_LIBRARIES = YES;
				BUNDLE_LOADER = "$(TEST_HOST)";
				CODE_SIGN_STYLE = Automatic;
				CURRENT_PROJECT_VERSION = 1;
				DEVELOPMENT_TEAM = Z2JH9FX775;
				GENERATE_INFOPLIST_FILE = YES;
				IPHONEOS_DEPLOYMENT_TARGET = 17.0;
				MARKETING_VERSION = 1.0;
				PRODUCT_BUNDLE_IDENTIFIER = "Fetch.TakeHome.Fetch-TakeHomeTests";
				PRODUCT_NAME = "$(TARGET_NAME)";
				SWIFT_EMIT_LOC_STRINGS = NO;
				SWIFT_VERSION = 5.0;
				TARGETED_DEVICE_FAMILY = "1,2";
				TEST_HOST = "$(BUILT_PRODUCTS_DIR)/Fetch.TakeHome.app/$(BUNDLE_EXECUTABLE_FOLDER_PATH)/Fetch.TakeHome";
			};
			name = Release;
		};
		3E86EC9E2D8BA0F100DCA633 /* Debug */ = {
			isa = XCBuildConfiguration;
			buildSettings = {
				ALWAYS_EMBED_SWIFT_STANDARD_LIBRARIES = YES;
				CODE_SIGN_STYLE = Automatic;
				CURRENT_PROJECT_VERSION = 1;
				DEVELOPMENT_TEAM = Z2JH9FX775;
				GENERATE_INFOPLIST_FILE = YES;
				MARKETING_VERSION = 1.0;
				PRODUCT_BUNDLE_IDENTIFIER = "Fetch.TakeHome.Fetch-TakeHomeUITests";
				PRODUCT_NAME = "$(TARGET_NAME)";
				SWIFT_EMIT_LOC_STRINGS = NO;
				SWIFT_VERSION = 5.0;
				TARGETED_DEVICE_FAMILY = "1,2";
				TEST_TARGET_NAME = Fetch.TakeHome;
			};
			name = Debug;
		};
		3E86EC9F2D8BA0F100DCA633 /* Release */ = {
			isa = XCBuildConfiguration;
			buildSettings = {
				ALWAYS_EMBED_SWIFT_STANDARD_LIBRARIES = YES;
				CODE_SIGN_STYLE = Automatic;
				CURRENT_PROJECT_VERSION = 1;
				DEVELOPMENT_TEAM = Z2JH9FX775;
				GENERATE_INFOPLIST_FILE = YES;
				MARKETING_VERSION = 1.0;
				PRODUCT_BUNDLE_IDENTIFIER = "Fetch.TakeHome.Fetch-TakeHomeUITests";
				PRODUCT_NAME = "$(TARGET_NAME)";
				SWIFT_EMIT_LOC_STRINGS = NO;
				SWIFT_VERSION = 5.0;
				TARGETED_DEVICE_FAMILY = "1,2";
				TEST_TARGET_NAME = Fetch.TakeHome;
			};
			name = Release;
		};
/* End XCBuildConfiguration section */

/* Begin XCConfigurationList section */
		3E86EC6E2D8BA0EF00DCA633 /* Build configuration list for PBXProject "Fetch.TakeHome" */ = {
			isa = XCConfigurationList;
			buildConfigurations = (
				3E86EC952D8BA0F100DCA633 /* Debug */,
				3E86EC962D8BA0F100DCA633 /* Release */,
			);
			defaultConfigurationIsVisible = 0;
			defaultConfigurationName = Release;
		};
		3E86EC972D8BA0F100DCA633 /* Build configuration list for PBXNativeTarget "Fetch.TakeHome" */ = {
			isa = XCConfigurationList;
			buildConfigurations = (
				3E86EC982D8BA0F100DCA633 /* Debug */,
				3E86EC992D8BA0F100DCA633 /* Release */,
			);
			defaultConfigurationIsVisible = 0;
			defaultConfigurationName = Release;
		};
		3E86EC9A2D8BA0F100DCA633 /* Build configuration list for PBXNativeTarget "Fetch.TakeHomeTests" */ = {
			isa = XCConfigurationList;
			buildConfigurations = (
				3E86EC9B2D8BA0F100DCA633 /* Debug */,
				3E86EC9C2D8BA0F100DCA633 /* Release */,
			);
			defaultConfigurationIsVisible = 0;
			defaultConfigurationName = Release;
		};
		3E86EC9D2D8BA0F100DCA633 /* Build configuration list for PBXNativeTarget "Fetch.TakeHomeUITests" */ = {
			isa = XCConfigurationList;
			buildConfigurations = (
				3E86EC9E2D8BA0F100DCA633 /* Debug */,
				3E86EC9F2D8BA0F100DCA633 /* Release */,
			);
			defaultConfigurationIsVisible = 0;
			defaultConfigurationName = Release;
		};
/* End XCConfigurationList section */
	};
	rootObject = 3E86EC6B2D8BA0EF00DCA633 /* Project object */;
}
